PODS:
  - RxCocoa (3.0.0):
    - RxSwift (~> 3.0)
  - RxSwift (3.0.0)
  - RxSwiftExt (2.0.0):
    - RxSwift (~> 3.0.0)

DEPENDENCIES:
  - RxCocoa (~> 3.0.0)
  - RxSwift (~> 3.0.0)
  - RxSwiftExt (~> 2.0.0)

SPEC CHECKSUMS:
  RxCocoa: 0a2f3ae381cf16f4021a4cee7a4420f83058a965
  RxSwift: a930cd662f5b4a7ca9dc3518585dba91dadf497c
  RxSwiftExt: 5dd3c7e0fd64ddb5014e094d524d167f7496b2e5

PODFILE CHECKSUM: fcecaec5a4f7a14e68b3d437dcb9e4447d08cbe8

COCOAPODS: 1.1.1
